{
  "version": 4,
  "terraform_version": "0.12.13",
  "serial": 52,
  "lineage": "25e6f5ae-5a51-dc50-fa98-dd2b230a81ef",
  "outputs": {},
  "resources": [
    {
      "mode": "managed",
      "type": "azurerm_network_interface",
      "name": "az_net_interface",
      "each": "list",
      "provider": "provider.azurerm",
      "instances": [
        {
          "index_key": 0,
          "schema_version": 0,
          "attributes": {
            "applied_dns_servers": [],
            "dns_servers": [],
            "enable_accelerated_networking": false,
            "enable_ip_forwarding": false,
            "id": "/subscriptions/327c9e5a-5828-46c8-9b22-8da758350ca3/resourceGroups/devops_rg/providers/Microsoft.Network/networkInterfaces/devops_net_interface0",
            "internal_dns_name_label": "",
            "internal_fqdn": "",
            "ip_configuration": [
              {
                "application_gateway_backend_address_pools_ids": [],
                "application_security_group_ids": [],
                "load_balancer_backend_address_pools_ids": [],
                "load_balancer_inbound_nat_rules_ids": [],
                "name": "devops_net_interface",
                "primary": true,
                "private_ip_address": "",
                "private_ip_address_allocation": "dynamic",
                "private_ip_address_version": "IPv4",
                "public_ip_address_id": "/subscriptions/327c9e5a-5828-46c8-9b22-8da758350ca3/resourceGroups/devops_rg/providers/Microsoft.Network/publicIPAddresses/devops_pub_ip0",
                "subnet_id": "/subscriptions/327c9e5a-5828-46c8-9b22-8da758350ca3/resourceGroups/devops_rg/providers/Microsoft.Network/virtualNetworks/devops_vnet/subnets/devops_subnet"
              }
            ],
            "location": "southafricanorth",
            "mac_address": "",
            "name": "devops_net_interface0",
            "network_security_group_id": "",
            "private_ip_address": "10.0.2.4",
            "private_ip_addresses": [
              "10.0.2.4"
            ],
            "resource_group_name": "devops_rg",
            "tags": {},
            "virtual_machine_id": null
          },
          "private": "bnVsbA==",
          "depends_on": [
            "azurerm_public_ip.az_pub_ip",
            "azurerm_resource_group.devops_rg",
            "azurerm_subnet.az_subnet"
          ]
        },
        {
          "index_key": 1,
          "schema_version": 0,
          "attributes": {
            "applied_dns_servers": [],
            "dns_servers": [],
            "enable_accelerated_networking": false,
            "enable_ip_forwarding": false,
            "id": "/subscriptions/327c9e5a-5828-46c8-9b22-8da758350ca3/resourceGroups/devops_rg/providers/Microsoft.Network/networkInterfaces/devops_net_interface1",
            "internal_dns_name_label": "",
            "internal_fqdn": "",
            "ip_configuration": [
              {
                "application_gateway_backend_address_pools_ids": [],
                "application_security_group_ids": [],
                "load_balancer_backend_address_pools_ids": [],
                "load_balancer_inbound_nat_rules_ids": [],
                "name": "devops_net_interface",
                "primary": true,
                "private_ip_address": "",
                "private_ip_address_allocation": "dynamic",
                "private_ip_address_version": "IPv4",
                "public_ip_address_id": "/subscriptions/327c9e5a-5828-46c8-9b22-8da758350ca3/resourceGroups/devops_rg/providers/Microsoft.Network/publicIPAddresses/devops_pub_ip1",
                "subnet_id": "/subscriptions/327c9e5a-5828-46c8-9b22-8da758350ca3/resourceGroups/devops_rg/providers/Microsoft.Network/virtualNetworks/devops_vnet/subnets/devops_subnet"
              }
            ],
            "location": "southafricanorth",
            "mac_address": "",
            "name": "devops_net_interface1",
            "network_security_group_id": "",
            "private_ip_address": "10.0.2.5",
            "private_ip_addresses": [
              "10.0.2.5"
            ],
            "resource_group_name": "devops_rg",
            "tags": {},
            "virtual_machine_id": null
          },
          "private": "bnVsbA==",
          "depends_on": [
            "azurerm_public_ip.az_pub_ip",
            "azurerm_resource_group.devops_rg",
            "azurerm_subnet.az_subnet"
          ]
        }
      ]
    },
    {
      "mode": "managed",
      "type": "azurerm_network_security_group",
      "name": "az_nsg",
      "provider": "provider.azurerm",
      "instances": [
        {
          "schema_version": 0,
          "attributes": {
            "id": "/subscriptions/327c9e5a-5828-46c8-9b22-8da758350ca3/resourceGroups/devops_rg/providers/Microsoft.Network/networkSecurityGroups/acceptanceTestSecurityGroup1",
            "location": "southafricanorth",
            "name": "acceptanceTestSecurityGroup1",
            "resource_group_name": "devops_rg",
            "security_rule": [
              {
                "access": "Allow",
                "description": "",
                "destination_address_prefix": "*",
                "destination_address_prefixes": [],
                "destination_application_security_group_ids": [],
                "destination_port_range": "3389",
                "destination_port_ranges": [],
                "direction": "Inbound",
                "name": "RDP",
                "priority": 100,
                "protocol": "Tcp",
                "source_address_prefix": "*",
                "source_address_prefixes": [],
                "source_application_security_group_ids": [],
                "source_port_range": "*",
                "source_port_ranges": []
              }
            ],
            "tags": {
              "environment": "dev"
            }
          },
          "private": "bnVsbA==",
          "depends_on": [
            "azurerm_resource_group.devops_rg"
          ]
        }
      ]
    },
    {
      "mode": "managed",
      "type": "azurerm_public_ip",
      "name": "az_pub_ip",
      "each": "list",
      "provider": "provider.azurerm",
      "instances": [
        {
          "index_key": 0,
          "schema_version": 0,
          "attributes": {
            "allocation_method": "Dynamic",
            "domain_name_label": null,
            "fqdn": null,
            "id": "/subscriptions/327c9e5a-5828-46c8-9b22-8da758350ca3/resourceGroups/devops_rg/providers/Microsoft.Network/publicIPAddresses/devops_pub_ip0",
            "idle_timeout_in_minutes": 4,
            "ip_address": "",
            "ip_version": "IPv4",
            "location": "southafricanorth",
            "name": "devops_pub_ip0",
            "public_ip_address_allocation": "Dynamic",
            "public_ip_prefix_id": null,
            "resource_group_name": "devops_rg",
            "reverse_fqdn": null,
            "sku": "Basic",
            "tags": {
              "environment": "dev"
            },
            "zones": null
          },
          "private": "bnVsbA==",
          "depends_on": [
            "azurerm_resource_group.devops_rg"
          ]
        },
        {
          "index_key": 1,
          "schema_version": 0,
          "attributes": {
            "allocation_method": "Dynamic",
            "domain_name_label": null,
            "fqdn": null,
            "id": "/subscriptions/327c9e5a-5828-46c8-9b22-8da758350ca3/resourceGroups/devops_rg/providers/Microsoft.Network/publicIPAddresses/devops_pub_ip1",
            "idle_timeout_in_minutes": 4,
            "ip_address": "",
            "ip_version": "IPv4",
            "location": "southafricanorth",
            "name": "devops_pub_ip1",
            "public_ip_address_allocation": "Dynamic",
            "public_ip_prefix_id": null,
            "resource_group_name": "devops_rg",
            "reverse_fqdn": null,
            "sku": "Basic",
            "tags": {
              "environment": "dev"
            },
            "zones": null
          },
          "private": "bnVsbA==",
          "depends_on": [
            "azurerm_resource_group.devops_rg"
          ]
        }
      ]
    },
    {
      "mode": "managed",
      "type": "azurerm_resource_group",
      "name": "devops_rg",
      "provider": "provider.azurerm",
      "instances": [
        {
          "schema_version": 0,
          "attributes": {
            "id": "/subscriptions/327c9e5a-5828-46c8-9b22-8da758350ca3/resourceGroups/devops_rg",
            "location": "southafricanorth",
            "name": "devops_rg",
            "tags": {
              "environment": "dev"
            }
          },
          "private": "bnVsbA=="
        }
      ]
    },
    {
      "mode": "managed",
      "type": "azurerm_subnet",
      "name": "az_subnet",
      "provider": "provider.azurerm",
      "instances": [
        {
          "schema_version": 0,
          "attributes": {
            "address_prefix": "10.0.2.0/24",
            "delegation": [],
            "id": "/subscriptions/327c9e5a-5828-46c8-9b22-8da758350ca3/resourceGroups/devops_rg/providers/Microsoft.Network/virtualNetworks/devops_vnet/subnets/devops_subnet",
            "ip_configurations": [],
            "name": "devops_subnet",
            "network_security_group_id": "",
            "resource_group_name": "devops_rg",
            "route_table_id": "",
            "service_endpoints": null,
            "virtual_network_name": "devops_vnet"
          },
          "private": "bnVsbA==",
          "depends_on": [
            "azurerm_resource_group.devops_rg",
            "azurerm_virtual_network.az_vnet"
          ]
        }
      ]
    },
    {
      "mode": "managed",
      "type": "azurerm_subnet_network_security_group_association",
      "name": "nsg_subnet_association",
      "provider": "provider.azurerm",
      "instances": [
        {
          "schema_version": 0,
          "attributes": {
            "id": "/subscriptions/327c9e5a-5828-46c8-9b22-8da758350ca3/resourceGroups/devops_rg/providers/Microsoft.Network/virtualNetworks/devops_vnet/subnets/devops_subnet",
            "network_security_group_id": "/subscriptions/327c9e5a-5828-46c8-9b22-8da758350ca3/resourceGroups/devops_rg/providers/Microsoft.Network/networkSecurityGroups/acceptanceTestSecurityGroup1",
            "subnet_id": "/subscriptions/327c9e5a-5828-46c8-9b22-8da758350ca3/resourceGroups/devops_rg/providers/Microsoft.Network/virtualNetworks/devops_vnet/subnets/devops_subnet"
          },
          "private": "bnVsbA==",
          "depends_on": [
            "azurerm_network_security_group.az_nsg",
            "azurerm_subnet.az_subnet"
          ]
        }
      ]
    },
    {
      "mode": "managed",
      "type": "azurerm_virtual_machine",
      "name": "test",
      "each": "list",
      "provider": "provider.azurerm",
      "instances": [
        {
          "index_key": 0,
          "schema_version": 0,
          "attributes": {
            "additional_capabilities": [],
            "availability_set_id": null,
            "boot_diagnostics": [],
            "delete_data_disks_on_termination": true,
            "delete_os_disk_on_termination": true,
            "id": "/subscriptions/327c9e5a-5828-46c8-9b22-8da758350ca3/resourceGroups/devops_rg/providers/Microsoft.Compute/virtualMachines/devops_vm0",
            "identity": [],
            "license_type": null,
            "location": "southafricanorth",
            "name": "devops_vm0",
            "network_interface_ids": [
              "/subscriptions/327c9e5a-5828-46c8-9b22-8da758350ca3/resourceGroups/devops_rg/providers/Microsoft.Network/networkInterfaces/devops_net_interface0"
            ],
            "os_profile": [
              {
                "admin_password": "",
                "admin_username": "devops",
                "computer_name": "SERVER2016",
                "custom_data": ""
              }
            ],
            "os_profile_linux_config": [],
            "os_profile_secrets": [],
            "os_profile_windows_config": [
              {
                "additional_unattend_config": [],
                "enable_automatic_upgrades": true,
                "provision_vm_agent": true,
                "timezone": "",
                "winrm": [
                  {
                    "certificate_url": "",
                    "protocol": "http"
                  }
                ]
              }
            ],
            "plan": [],
            "primary_network_interface_id": null,
            "proximity_placement_group_id": null,
            "resource_group_name": "devops_rg",
            "storage_data_disk": [],
            "storage_image_reference": [
              {
                "id": "",
                "offer": "WindowsServer",
                "publisher": "MicrosoftWindowsServer",
                "sku": "2016-Datacenter",
                "version": "latest"
              }
            ],
            "storage_os_disk": [
              {
                "caching": "ReadWrite",
                "create_option": "FromImage",
                "disk_size_gb": 127,
                "image_uri": "",
                "managed_disk_id": "/subscriptions/327c9e5a-5828-46c8-9b22-8da758350ca3/resourceGroups/devops_rg/providers/Microsoft.Compute/disks/devops_datadisk0",
                "managed_disk_type": "Standard_LRS",
                "name": "devops_datadisk0",
                "os_type": "Windows",
                "vhd_uri": "",
                "write_accelerator_enabled": false
              }
            ],
            "tags": {},
            "vm_size": "Standard_B1ms",
            "zones": null
          },
          "private": "bnVsbA==",
          "depends_on": [
            "azurerm_network_interface.az_net_interface",
            "azurerm_resource_group.devops_rg"
          ]
        },
        {
          "index_key": 1,
          "schema_version": 0,
          "attributes": {
            "additional_capabilities": [],
            "availability_set_id": null,
            "boot_diagnostics": [],
            "delete_data_disks_on_termination": true,
            "delete_os_disk_on_termination": true,
            "id": "/subscriptions/327c9e5a-5828-46c8-9b22-8da758350ca3/resourceGroups/devops_rg/providers/Microsoft.Compute/virtualMachines/devops_vm1",
            "identity": [],
            "license_type": null,
            "location": "southafricanorth",
            "name": "devops_vm1",
            "network_interface_ids": [
              "/subscriptions/327c9e5a-5828-46c8-9b22-8da758350ca3/resourceGroups/devops_rg/providers/Microsoft.Network/networkInterfaces/devops_net_interface1"
            ],
            "os_profile": [
              {
                "admin_password": "",
                "admin_username": "devops",
                "computer_name": "SERVER2016",
                "custom_data": ""
              }
            ],
            "os_profile_linux_config": [],
            "os_profile_secrets": [],
            "os_profile_windows_config": [
              {
                "additional_unattend_config": [],
                "enable_automatic_upgrades": true,
                "provision_vm_agent": true,
                "timezone": "",
                "winrm": [
                  {
                    "certificate_url": "",
                    "protocol": "http"
                  }
                ]
              }
            ],
            "plan": [],
            "primary_network_interface_id": null,
            "proximity_placement_group_id": null,
            "resource_group_name": "devops_rg",
            "storage_data_disk": [],
            "storage_image_reference": [
              {
                "id": "",
                "offer": "WindowsServer",
                "publisher": "MicrosoftWindowsServer",
                "sku": "2016-Datacenter",
                "version": "latest"
              }
            ],
            "storage_os_disk": [
              {
                "caching": "ReadWrite",
                "create_option": "FromImage",
                "disk_size_gb": 127,
                "image_uri": "",
                "managed_disk_id": "/subscriptions/327c9e5a-5828-46c8-9b22-8da758350ca3/resourceGroups/devops_rg/providers/Microsoft.Compute/disks/devops_datadisk1",
                "managed_disk_type": "Standard_LRS",
                "name": "devops_datadisk1",
                "os_type": "Windows",
                "vhd_uri": "",
                "write_accelerator_enabled": false
              }
            ],
            "tags": {},
            "vm_size": "Standard_B1ms",
            "zones": null
          },
          "private": "bnVsbA==",
          "depends_on": [
            "azurerm_network_interface.az_net_interface",
            "azurerm_resource_group.devops_rg"
          ]
        }
      ]
    },
    {
      "mode": "managed",
      "type": "azurerm_virtual_network",
      "name": "az_vnet",
      "provider": "provider.azurerm",
      "instances": [
        {
          "schema_version": 0,
          "attributes": {
            "address_space": [
              "10.0.0.0/16"
            ],
            "ddos_protection_plan": [],
            "dns_servers": null,
            "id": "/subscriptions/327c9e5a-5828-46c8-9b22-8da758350ca3/resourceGroups/devops_rg/providers/Microsoft.Network/virtualNetworks/devops_vnet",
            "location": "southafricanorth",
            "name": "devops_vnet",
            "resource_group_name": "devops_rg",
            "subnet": [],
            "tags": {
              "environment": "dev"
            }
          },
          "private": "bnVsbA==",
          "depends_on": [
            "azurerm_resource_group.devops_rg"
          ]
        }
      ]
    }
  ]
}
